PODS:
  - URLRouter (0.1.0):
    - URLRouter/Matcher (= 0.1.0)
    - URLRouter/Router (= 0.1.0)
  - URLRouter/Matcher (0.1.0)
  - URLRouter/Router (0.1.0):
    - URLRouter/Matcher
  - URLRouter/Tests (0.1.0):
    - URLRouter/Matcher
    - URLRouter/Router

DEPENDENCIES:
  - URLRouter (from `../`)
  - URLRouter/Tests (from `../`)

EXTERNAL SOURCES:
  URLRouter:
    :path: "../"

SPEC CHECKSUMS:
  URLRouter: 9c10a45d9c7537359d98fcb7d0de111d46a9c990

PODFILE CHECKSUM: 1461ea85bb453139fa7b8828b7e731deaeff078d

COCOAPODS: 1.8.4
