PODS:
  - URLRouter (0.1.0):
    - URLRouter/Matcher (= 0.1.0)
    - URLRouter/Router (= 0.1.0)
  - URLRouter/Matcher (0.1.0)
  - URLRouter/Router (0.1.0)
  - URLRouter/Tests (0.1.0):
    - URLRouter/Matcher
    - URLRouter/Router

DEPENDENCIES:
  - URLRouter (from `../`)
  - URLRouter/Tests (from `../`)

EXTERNAL SOURCES:
  URLRouter:
    :path: "../"

SPEC CHECKSUMS:
  URLRouter: cbc2728ef732d706fa35c1e55485c83e70db8623

PODFILE CHECKSUM: 1461ea85bb453139fa7b8828b7e731deaeff078d

COCOAPODS: 1.8.4
